PODS:
  - Alamofire (4.9.1)
  - OHHTTPStubs (9.0.0):
    - OHHTTPStubs/Default (= 9.0.0)
  - OHHTTPStubs/Core (9.0.0)
  - OHHTTPStubs/Default (9.0.0):
    - OHHTTPStubs/Core
    - OHHTTPStubs/JSON
    - OHHTTPStubs/NSURLSession
    - OHHTTPStubs/OHPathHelpers
  - OHHTTPStubs/JSON (9.0.0):
    - OHHTTPStubs/Core
  - OHHTTPStubs/NSURLSession (9.0.0):
    - OHHTTPStubs/Core
  - OHHTTPStubs/OHPathHelpers (9.0.0)
  - SwiftyJSON (5.0.0)

DEPENDENCIES:
  - Alamofire (~> 4.0)
  - OHHTTPStubs
  - SwiftyJSON

SPEC REPOS:
  https://github.com/CocoaPods/Specs.git:
    - Alamofire
    - OHHTTPStubs
    - SwiftyJSON

SPEC CHECKSUMS:
  Alamofire: 85e8a02c69d6020a0d734f6054870d7ecb75cf18
  OHHTTPStubs: cb29d2a9d09a828ecb93349a2b0c64f99e0db89f
  SwiftyJSON: 36413e04c44ee145039d332b4f4e2d3e8d6c4db7

PODFILE CHECKSUM: dcf6112abb554cd593afec142aa7915b7da51de6

COCOAPODS: 1.8.4
